PackratFormat: 1.4
PackratVersion: 0.4.8.1
RVersion: 3.4.0
Repos: BioCsoft=https://bioconductor.org/packages/3.5/bioc,
    BioCann=https://bioconductor.org/packages/3.5/data/annotation,
    BioCexp=https://bioconductor.org/packages/3.5/data/experiment,
    BioCextra=https://bioconductor.org/packages/3.5/extra,
    CRAN=https://cran.rstudio.com/

Package: BH
Source: CRAN
Version: 1.66.0-1
Hash: 4cc8883584b955ed01f38f68bc03af6d

Package: MASS
Source: CRAN
Version: 7.3-49
Hash: 01a2feb0d02f446a8337f5fa310fb498

Package: Matrix
Source: CRAN
Version: 1.2-14
Hash: 521aa8772a1941dfdb007bf532d19dde
Requires: lattice

Package: R6
Source: CRAN
Version: 2.2.2
Hash: b2366cd9d2f3851a5704b4e192b985c2

Package: RCurl
Source: CRAN
Version: 1.95-4.10
Hash: 06af5153f969a90c6cd6c87ee57baa44
Requires: bitops

Package: Rcpp
Source: CRAN
Version: 0.12.15
Hash: a419463fc86b3ecc7338ae3ac3bbb268

Package: assertthat
Source: CRAN
Version: 0.2.0
Hash: e8805df54c65ac96d50235c44a82615c

Package: base64enc
Source: CRAN
Version: 0.1-3
Hash: c590d29e555926af053055e23ee79efb

Package: bindr
Source: CRAN
Version: 0.1
Hash: e3a02070cf705d3ad1c5af1635a515a3

Package: bindrcpp
Source: CRAN
Version: 0.2
Hash: 2d69ff431a54f6c4a750754b88c7e0af
Requires: Rcpp, bindr, plogr

Package: bitops
Source: CRAN
Version: 1.0-6
Hash: 67d0775189fd0041d95abca618c5c07e

Package: class
Source: CRAN
Version: 7.3-14
Hash: 98330808284e70f0bce1f8ff419d4032
Requires: MASS

Package: cli
Source: CRAN
Version: 1.0.0
Hash: f4239f89feb7ddc65821e4514e9734ae
Requires: assertthat, crayon

Package: config
Source: CRAN
Version: 0.2
Hash: 2628a077c5abec280d9c3e8fd63edbe1
Requires: yaml

Package: crayon
Source: CRAN
Version: 1.3.4
Hash: ff2840dd9b0d563fc80377a5a45510cd

Package: data.table
Source: CRAN
Version: 1.10.4-3
Hash: 3c270a59ca3298aba8df3c1ae3bbea19

Package: debugme
Source: CRAN
Version: 1.1.0
Hash: c233690edd9fa17a63f7c8d83c1ca153
Requires: crayon

Package: digest
Source: CRAN
Version: 0.6.15
Hash: 1f202ebd812ac7192be3739245746a13

Package: dplyr
Source: CRAN
Version: 0.7.4
Hash: c15022862b3eb28a528656b4b3b84e89
Requires: BH, R6, Rcpp, assertthat, bindrcpp, glue, magrittr,
    pkgconfig, plogr, rlang, tibble

Package: e1071
Source: CRAN
Version: 1.6-8
Hash: 20320ec66d4dc608654769145b7c624a
Requires: class

Package: glue
Source: CRAN
Version: 1.2.0
Hash: 381e42baedecc633c0e547a0c7ca9de7

Package: jsonlite
Source: CRAN
Version: 1.5
Hash: 9c51936d8dd00b2f1d4fe9d10499694c

Package: keras
Source: CRAN
Version: 2.1.4
Hash: 77ff93f24dc5fd51e851d2b0b0ebf1f2
Requires: R6, magrittr, reticulate, tensorflow, tfruns, zeallot

Package: lattice
Source: CRAN
Version: 0.20-35
Hash: 26b9d7f0d0cb4e1d1bbb97f867c82d89

Package: magrittr
Source: CRAN
Version: 1.5
Hash: bdc4d48c3135e8f3b399536ddf160df4

Package: mltools
Source: CRAN
Version: 0.3.4
Hash: 727a060023f818c27b8a1f3f3b14db80
Requires: Matrix, data.table

Package: nnet
Source: CRAN
Version: 7.3-12
Hash: 42c83a1f063b40fd8bb6ad68ed528aa5

Package: packrat
Source: CRAN
Version: 0.4.8-1
Hash: 6ad605ba7b4b476d84be6632393f5765

Package: pillar
Source: CRAN
Version: 1.2.1
Hash: 21190605f9f425d625a09c8259860bae
Requires: cli, crayon, rlang, utf8

Package: pkgconfig
Source: CRAN
Version: 2.0.1
Hash: 0dda4a2654a22b36a715c2b0b6fbacac

Package: plogr
Source: CRAN
Version: 0.1-1
Hash: fb19215402e2d9f1c7f803dcaa806fc2

Package: praise
Source: CRAN
Version: 1.0.0
Hash: 77da8f1df873a4b91e5c4a68fe2fb1b6

Package: processx
Source: CRAN
Version: 2.0.0.1
Hash: cfb7e4911fb7451f16f812580571652f
Requires: R6, assertthat, crayon, debugme

Package: purrr
Source: CRAN
Version: 0.2.4
Hash: a80b244ccd3fdb33a0ff2be3c50dd648
Requires: magrittr, rlang, tibble

Package: reticulate
Source: CRAN
Version: 1.5
Hash: 696a6e8cba39c493ab1728636d2e1677
Requires: Rcpp, jsonlite

Package: rlang
Source: CRAN
Version: 0.2.0
Hash: 647e2e50a72557d1a770dcd6701e562b

Package: rpart
Source: CRAN
Version: 4.1-13
Hash: 1d1f155d009e010e7d6634a90a87cead

Package: rstudioapi
Source: CRAN
Version: 0.7
Hash: e2ebaff8160aff3e6b32e6e78a693c2d

Package: stringi
Source: CRAN
Version: 1.1.6
Hash: 4430faf2bcbe1b8de0d9be55bcfdcc0b

Package: stringr
Source: CRAN
Version: 1.3.0
Hash: b2801fdc391caef2335dbdb1064836bb
Requires: glue, magrittr, stringi

Package: tensorflow
Source: CRAN
Version: 1.5
Hash: d8c032f4c2cde370f41688fe5209b09e
Requires: config, jsonlite, processx, reticulate, rstudioapi, tfruns,
    yaml

Package: testthat
Source: CRAN
Version: 2.0.0
Hash: 537114b476376c5773bf3c557f5bbd19
Requires: R6, cli, crayon, digest, magrittr, praise, rlang, withr

Package: tfruns
Source: CRAN
Version: 1.3
Hash: d53102ed5417c9ffe4e50f0f6b3d079b
Requires: base64enc, config, jsonlite, magrittr, reticulate, rlang,
    rstudioapi, tidyselect, whisker, yaml

Package: tibble
Source: CRAN
Version: 1.4.2
Hash: 83895360ce4f8d2ce92eee00526b5b0b
Requires: cli, crayon, pillar, rlang

Package: tidyr
Source: CRAN
Version: 0.8.0
Hash: e5bc44c5e2cb519dd49bbe9a1cca5f3c
Requires: Rcpp, dplyr, glue, magrittr, purrr, rlang, stringi, tibble,
    tidyselect

Package: tidyselect
Source: CRAN
Version: 0.2.4
Hash: c26bfc07c1bc93813e7d401ac7964cc2
Requires: Rcpp, glue, purrr, rlang

Package: utf8
Source: CRAN
Version: 1.1.3
Hash: a2fe6a996668ee5850b7719f365e831b

Package: whisker
Source: CRAN
Version: 0.3-2
Hash: 803d662762e532705c2c066a82d066e7

Package: withr
Source: CRAN
Version: 2.1.1
Hash: a86856ae0b4a7c3daf9a3ef0097a403b

Package: yaml
Source: CRAN
Version: 2.1.18
Hash: 28c7e28c239d7a1d1bd579390bab89bd

Package: zeallot
Source: CRAN
Version: 0.1.0
Hash: 10b2ed48e202b4db421ae864041dc4b2
